
Microsoft Visual Studio Solution File, Format Version 12.00
# Visual Studio Version 16
VisualStudioVersion = 16.0.30709.132
MinimumVisualStudioVersion = 10.0.40219.1
Project("{8BC9CEB8-8B4A-11D0-8D11-00A0C91BC942}") = "ndn-ind", "ndn-ind.vcxproj", "{5ADC4A32-007A-4F7B-A1FA-630CF3B3F060}"
EndProject
Project("{8BC9CEB8-8B4A-11D0-8D11-00A0C91BC942}") = "ndn-ind-tools", "ndn-ind-tools.vcxproj", "{4AD850B1-14BA-4F76-ACA2-292E8227AC0C}"
EndProject
Global
	GlobalSection(SolutionConfigurationPlatforms) = preSolution
		Debug|x64 = Debug|x64
		Debug|x86 = Debug|x86
		Release|x64 = Release|x64
		Release|x86 = Release|x86
	EndGlobalSection
	GlobalSection(ProjectConfigurationPlatforms) = postSolution
		{5ADC4A32-007A-4F7B-A1FA-630CF3B3F060}.Debug|x64.ActiveCfg = Debug|x64
		{5ADC4A32-007A-4F7B-A1FA-630CF3B3F060}.Debug|x64.Build.0 = Debug|x64
		{5ADC4A32-007A-4F7B-A1FA-630CF3B3F060}.Debug|x86.ActiveCfg = Debug|Win32
		{5ADC4A32-007A-4F7B-A1FA-630CF3B3F060}.Debug|x86.Build.0 = Debug|Win32
		{5ADC4A32-007A-4F7B-A1FA-630CF3B3F060}.Release|x64.ActiveCfg = Release|x64
		{5ADC4A32-007A-4F7B-A1FA-630CF3B3F060}.Release|x64.Build.0 = Release|x64
		{5ADC4A32-007A-4F7B-A1FA-630CF3B3F060}.Release|x86.ActiveCfg = Release|Win32
		{5ADC4A32-007A-4F7B-A1FA-630CF3B3F060}.Release|x86.Build.0 = Release|Win32
		{4AD850B1-14BA-4F76-ACA2-292E8227AC0C}.Debug|x64.ActiveCfg = Debug|x64
		{4AD850B1-14BA-4F76-ACA2-292E8227AC0C}.Debug|x64.Build.0 = Debug|x64
		{4AD850B1-14BA-4F76-ACA2-292E8227AC0C}.Debug|x86.ActiveCfg = Debug|Win32
		{4AD850B1-14BA-4F76-ACA2-292E8227AC0C}.Debug|x86.Build.0 = Debug|Win32
		{4AD850B1-14BA-4F76-ACA2-292E8227AC0C}.Release|x64.ActiveCfg = Release|x64
		{4AD850B1-14BA-4F76-ACA2-292E8227AC0C}.Release|x64.Build.0 = Release|x64
		{4AD850B1-14BA-4F76-ACA2-292E8227AC0C}.Release|x86.ActiveCfg = Release|Win32
		{4AD850B1-14BA-4F76-ACA2-292E8227AC0C}.Release|x86.Build.0 = Release|Win32
	EndGlobalSection
	GlobalSection(SolutionProperties) = preSolution
		HideSolutionNode = FALSE
	EndGlobalSection
	GlobalSection(ExtensibilityGlobals) = postSolution
		SolutionGuid = {4232DDB4-339A-4F8A-A683-4610619CB325}
	EndGlobalSection
EndGlobal
